
Microsoft Visual Studio Solution File, Format Version 12.00
# Visual Studio Version 17
VisualStudioVersion = 17.9.34714.143
MinimumVisualStudioVersion = 10.0.40219.1
Project("{9A19103F-16F7-4668-BE54-9A1E7A4F7556}") = "EmoShift", "EmoShift.csproj", "{3CF26E5D-538C-4FB0-9304-EF32FB55B36C}"
EndProject
Global
	GlobalSection(SolutionConfigurationPlatforms) = preSolution
		Debug|Any CPU = Debug|Any CPU
		Debug|x64 = Debug|x64
		Release|Any CPU = Release|Any CPU
		Release|x64 = Release|x64
	EndGlobalSection
	GlobalSection(ProjectConfigurationPlatforms) = postSolution
		{3CF26E5D-538C-4FB0-9304-EF32FB55B36C}.Debug|Any CPU.ActiveCfg = Debug|Any CPU
		{3CF26E5D-538C-4FB0-9304-EF32FB55B36C}.Debug|Any CPU.Build.0 = Debug|Any CPU
		{3CF26E5D-538C-4FB0-9304-EF32FB55B36C}.Debug|Any CPU.Deploy.0 = Debug|Any CPU
		{3CF26E5D-538C-4FB0-9304-EF32FB55B36C}.Debug|x64.ActiveCfg = Debug|x64
		{3CF26E5D-538C-4FB0-9304-EF32FB55B36C}.Debug|x64.Build.0 = Debug|x64
		{3CF26E5D-538C-4FB0-9304-EF32FB55B36C}.Debug|x64.Deploy.0 = Debug|x64
		{3CF26E5D-538C-4FB0-9304-EF32FB55B36C}.Release|Any CPU.ActiveCfg = Release|Any CPU
		{3CF26E5D-538C-4FB0-9304-EF32FB55B36C}.Release|Any CPU.Build.0 = Release|Any CPU
		{3CF26E5D-538C-4FB0-9304-EF32FB55B36C}.Release|Any CPU.Deploy.0 = Release|Any CPU
		{3CF26E5D-538C-4FB0-9304-EF32FB55B36C}.Release|x64.ActiveCfg = Release|x64
		{3CF26E5D-538C-4FB0-9304-EF32FB55B36C}.Release|x64.Build.0 = Release|x64
		{3CF26E5D-538C-4FB0-9304-EF32FB55B36C}.Release|x64.Deploy.0 = Release|x64
	EndGlobalSection
	GlobalSection(SolutionProperties) = preSolution
		HideSolutionNode = FALSE
	EndGlobalSection
	GlobalSection(ExtensibilityGlobals) = postSolution
		SolutionGuid = {34076E23-5D70-4107-A015-99F208B1C301}
	EndGlobalSection
EndGlobal
